// !$*UTF8*$!
{
	archiveVersion = 1;
	classes = {
	};
	objectVersion = 50;
	objects = {

/* Begin PBXBuildFile section */
		A6917A9826B54B1700EE7DBE /* HexaControlApp.swift in Sources */ = {isa = PBXBuildFile; fileRef = A6917A9726B54B1700EE7DBE /* HexaControlApp.swift */; };
		A6917A9C26B54B1700EE7DBE /* Assets.xcassets in Resources */ = {isa = PBXBuildFile; fileRef = A6917A9B26B54B1700EE7DBE /* Assets.xcassets */; };
		A6917A9F26B54B1700EE7DBE /* Preview Assets.xcassets in Resources */ = {isa = PBXBuildFile; fileRef = A6917A9E26B54B1700EE7DBE /* Preview Assets.xcassets */; };
		A6917AA926B54B7C00EE7DBE /* ConnectedView.swift in Sources */ = {isa = PBXBuildFile; fileRef = A6917AA826B54B7C00EE7DBE /* ConnectedView.swift */; };
		A6917AAB26B54B9B00EE7DBE /* HomeView.swift in Sources */ = {isa = PBXBuildFile; fileRef = A6917AAA26B54B9B00EE7DBE /* HomeView.swift */; };
		A6917AAE26B54C9100EE7DBE /* GameController.framework in Frameworks */ = {isa = PBXBuildFile; fileRef = A6917AAD26B54C9100EE7DBE /* GameController.framework */; };
		A6917AB226B55C7500EE7DBE /* WebView.swift in Sources */ = {isa = PBXBuildFile; fileRef = A6917AB126B55C7500EE7DBE /* WebView.swift */; };
		A6917AB426B55CD800EE7DBE /* ViewModel.swift in Sources */ = {isa = PBXBuildFile; fileRef = A6917AB326B55CD800EE7DBE /* ViewModel.swift */; };
		A6917AB726B57A5900EE7DBE /* Controls.swift in Sources */ = {isa = PBXBuildFile; fileRef = A6917AB626B57A5900EE7DBE /* Controls.swift */; };
		A6917ABE26B6D79600EE7DBE /* wint.html in Resources */ = {isa = PBXBuildFile; fileRef = A6917ABD26B6D79600EE7DBE /* wint.html */; };
		A69B7A6326B6B87F00774A85 /* JavascriptRun.swift in Sources */ = {isa = PBXBuildFile; fileRef = A69B7A6226B6B87F00774A85 /* JavascriptRun.swift */; };
		A69B7A6526B6BE9300774A85 /* mind-framework.js in Resources */ = {isa = PBXBuildFile; fileRef = A69B7A6426B6BE9300774A85 /* mind-framework.js */; };
/* End PBXBuildFile section */

/* Begin PBXFileReference section */
		A6917A9426B54B1700EE7DBE /* HexaControl.app */ = {isa = PBXFileReference; explicitFileType = wrapper.application; includeInIndex = 0; path = HexaControl.app; sourceTree = BUILT_PRODUCTS_DIR; };
		A6917A9726B54B1700EE7DBE /* HexaControlApp.swift */ = {isa = PBXFileReference; lastKnownFileType = sourcecode.swift; path = HexaControlApp.swift; sourceTree = "<group>"; };
		A6917A9B26B54B1700EE7DBE /* Assets.xcassets */ = {isa = PBXFileReference; lastKnownFileType = folder.assetcatalog; path = Assets.xcassets; sourceTree = "<group>"; };
		A6917A9E26B54B1700EE7DBE /* Preview Assets.xcassets */ = {isa = PBXFileReference; lastKnownFileType = folder.assetcatalog; path = "Preview Assets.xcassets"; sourceTree = "<group>"; };
		A6917AA026B54B1700EE7DBE /* Info.plist */ = {isa = PBXFileReference; lastKnownFileType = text.plist.xml; path = Info.plist; sourceTree = "<group>"; };
		A6917AA826B54B7C00EE7DBE /* ConnectedView.swift */ = {isa = PBXFileReference; lastKnownFileType = sourcecode.swift; path = ConnectedView.swift; sourceTree = "<group>"; };
		A6917AAA26B54B9B00EE7DBE /* HomeView.swift */ = {isa = PBXFileReference; lastKnownFileType = sourcecode.swift; path = HomeView.swift; sourceTree = "<group>"; };
		A6917AAD26B54C9100EE7DBE /* GameController.framework */ = {isa = PBXFileReference; lastKnownFileType = wrapper.framework; name = GameController.framework; path = System/Library/Frameworks/GameController.framework; sourceTree = SDKROOT; };
		A6917AB126B55C7500EE7DBE /* WebView.swift */ = {isa = PBXFileReference; lastKnownFileType = sourcecode.swift; path = WebView.swift; sourceTree = "<group>"; };
		A6917AB326B55CD800EE7DBE /* ViewModel.swift */ = {isa = PBXFileReference; lastKnownFileType = sourcecode.swift; path = ViewModel.swift; sourceTree = "<group>"; };
		A6917AB526B5634000EE7DBE /* HexaAssignment.md */ = {isa = PBXFileReference; lastKnownFileType = net.daringfireball.markdown; path = HexaAssignment.md; sourceTree = "<group>"; };
		A6917AB626B57A5900EE7DBE /* Controls.swift */ = {isa = PBXFileReference; lastKnownFileType = sourcecode.swift; path = Controls.swift; sourceTree = "<group>"; };
		A6917ABD26B6D79600EE7DBE /* wint.html */ = {isa = PBXFileReference; lastKnownFileType = text.html; path = wint.html; sourceTree = "<group>"; };
		A69B7A6226B6B87F00774A85 /* JavascriptRun.swift */ = {isa = PBXFileReference; lastKnownFileType = sourcecode.swift; path = JavascriptRun.swift; sourceTree = "<group>"; };
		A69B7A6426B6BE9300774A85 /* mind-framework.js */ = {isa = PBXFileReference; fileEncoding = 4; lastKnownFileType = sourcecode.javascript; path = "mind-framework.js"; sourceTree = "<group>"; };
/* End PBXFileReference section */

/* Begin PBXFrameworksBuildPhase section */
		A6917A9126B54B1700EE7DBE /* Frameworks */ = {
			isa = PBXFrameworksBuildPhase;
			buildActionMask = 2147483647;
			files = (
				A6917AAE26B54C9100EE7DBE /* GameController.framework in Frameworks */,
			);
			runOnlyForDeploymentPostprocessing = 0;
		};
/* End PBXFrameworksBuildPhase section */

/* Begin PBXGroup section */
		A6917A8B26B54B1700EE7DBE = {
			isa = PBXGroup;
			children = (
				A6917A9626B54B1700EE7DBE /* HexaControl */,
				A6917A9526B54B1700EE7DBE /* Products */,
				A6917AAC26B54C9100EE7DBE /* Frameworks */,
			);
			sourceTree = "<group>";
		};
		A6917A9526B54B1700EE7DBE /* Products */ = {
			isa = PBXGroup;
			children = (
				A6917A9426B54B1700EE7DBE /* HexaControl.app */,
			);
			name = Products;
			sourceTree = "<group>";
		};
		A6917A9626B54B1700EE7DBE /* HexaControl */ = {
			isa = PBXGroup;
			children = (
				A69B7A6426B6BE9300774A85 /* mind-framework.js */,
				A6917A9726B54B1700EE7DBE /* HexaControlApp.swift */,
				A6917AAA26B54B9B00EE7DBE /* HomeView.swift */,
				A6917AA826B54B7C00EE7DBE /* ConnectedView.swift */,
				A69B7A6226B6B87F00774A85 /* JavascriptRun.swift */,
				A6917AB626B57A5900EE7DBE /* Controls.swift */,
				A6917AB526B5634000EE7DBE /* HexaAssignment.md */,
				A6917A9B26B54B1700EE7DBE /* Assets.xcassets */,
				A6917AA026B54B1700EE7DBE /* Info.plist */,
				A6917A9D26B54B1700EE7DBE /* Preview Content */,
				A6917AB126B55C7500EE7DBE /* WebView.swift */,
				A6917ABD26B6D79600EE7DBE /* wint.html */,
				A6917AB326B55CD800EE7DBE /* ViewModel.swift */,
			);
			path = HexaControl;
			sourceTree = "<group>";
		};
		A6917A9D26B54B1700EE7DBE /* Preview Content */ = {
			isa = PBXGroup;
			children = (
				A6917A9E26B54B1700EE7DBE /* Preview Assets.xcassets */,
			);
			path = "Preview Content";
			sourceTree = "<group>";
		};
		A6917AAC26B54C9100EE7DBE /* Frameworks */ = {
			isa = PBXGroup;
			children = (
				A6917AAD26B54C9100EE7DBE /* GameController.framework */,
			);
			name = Frameworks;
			sourceTree = "<group>";
		};
/* End PBXGroup section */

/* Begin PBXNativeTarget section */
		A6917A9326B54B1700EE7DBE /* HexaControl */ = {
			isa = PBXNativeTarget;
			buildConfigurationList = A6917AA326B54B1700EE7DBE /* Build configuration list for PBXNativeTarget "HexaControl" */;
			buildPhases = (
				A6917A9026B54B1700EE7DBE /* Sources */,
				A6917A9126B54B1700EE7DBE /* Frameworks */,
				A6917A9226B54B1700EE7DBE /* Resources */,
			);
			buildRules = (
			);
			dependencies = (
			);
			name = HexaControl;
			productName = HexaControl;
			productReference = A6917A9426B54B1700EE7DBE /* HexaControl.app */;
			productType = "com.apple.product-type.application";
		};
/* End PBXNativeTarget section */

/* Begin PBXProject section */
		A6917A8C26B54B1700EE7DBE /* Project object */ = {
			isa = PBXProject;
			attributes = {
				LastSwiftUpdateCheck = 1250;
				LastUpgradeCheck = 1250;
				TargetAttributes = {
					A6917A9326B54B1700EE7DBE = {
						CreatedOnToolsVersion = 12.5.1;
					};
				};
			};
			buildConfigurationList = A6917A8F26B54B1700EE7DBE /* Build configuration list for PBXProject "HexaControl" */;
			compatibilityVersion = "Xcode 9.3";
			developmentRegion = en;
			hasScannedForEncodings = 0;
			knownRegions = (
				en,
				Base,
			);
			mainGroup = A6917A8B26B54B1700EE7DBE;
			productRefGroup = A6917A9526B54B1700EE7DBE /* Products */;
			projectDirPath = "";
			projectRoot = "";
			targets = (
				A6917A9326B54B1700EE7DBE /* HexaControl */,
			);
		};
/* End PBXProject section */

/* Begin PBXResourcesBuildPhase section */
		A6917A9226B54B1700EE7DBE /* Resources */ = {
			isa = PBXResourcesBuildPhase;
			buildActionMask = 2147483647;
			files = (
				A69B7A6526B6BE9300774A85 /* mind-framework.js in Resources */,
				A6917A9F26B54B1700EE7DBE /* Preview Assets.xcassets in Resources */,
				A6917ABE26B6D79600EE7DBE /* wint.html in Resources */,
				A6917A9C26B54B1700EE7DBE /* Assets.xcassets in Resources */,
			);
			runOnlyForDeploymentPostprocessing = 0;
		};
/* End PBXResourcesBuildPhase section */

/* Begin PBXSourcesBuildPhase section */
		A6917A9026B54B1700EE7DBE /* Sources */ = {
			isa = PBXSourcesBuildPhase;
			buildActionMask = 2147483647;
			files = (
				A6917AB426B55CD800EE7DBE /* ViewModel.swift in Sources */,
				A6917AB726B57A5900EE7DBE /* Controls.swift in Sources */,
				A6917AAB26B54B9B00EE7DBE /* HomeView.swift in Sources */,
				A6917AB226B55C7500EE7DBE /* WebView.swift in Sources */,
				A6917A9826B54B1700EE7DBE /* HexaControlApp.swift in Sources */,
				A6917AA926B54B7C00EE7DBE /* ConnectedView.swift in Sources */,
				A69B7A6326B6B87F00774A85 /* JavascriptRun.swift in Sources */,
			);
			runOnlyForDeploymentPostprocessing = 0;
		};
/* End PBXSourcesBuildPhase section */

/* Begin XCBuildConfiguration section */
		A6917AA126B54B1700EE7DBE /* Debug */ = {
			isa = XCBuildConfiguration;
			buildSettings = {
				ALWAYS_SEARCH_USER_PATHS = NO;
				CLANG_ANALYZER_NONNULL = YES;
				CLANG_ANALYZER_NUMBER_OBJECT_CONVERSION = YES_AGGRESSIVE;
				CLANG_CXX_LANGUAGE_STANDARD = "gnu++14";
				CLANG_CXX_LIBRARY = "libc++";
				CLANG_ENABLE_MODULES = YES;
				CLANG_ENABLE_OBJC_ARC = YES;
				CLANG_ENABLE_OBJC_WEAK = YES;
				CLANG_WARN_BLOCK_CAPTURE_AUTORELEASING = YES;
				CLANG_WARN_BOOL_CONVERSION = YES;
				CLANG_WARN_COMMA = YES;
				CLANG_WARN_CONSTANT_CONVERSION = YES;
				CLANG_WARN_DEPRECATED_OBJC_IMPLEMENTATIONS = YES;
				CLANG_WARN_DIRECT_OBJC_ISA_USAGE = YES_ERROR;
				CLANG_WARN_DOCUMENTATION_COMMENTS = YES;
				CLANG_WARN_EMPTY_BODY = YES;
				CLANG_WARN_ENUM_CONVERSION = YES;
				CLANG_WARN_INFINITE_RECURSION = YES;
				CLANG_WARN_INT_CONVERSION = YES;
				CLANG_WARN_NON_LITERAL_NULL_CONVERSION = YES;
				CLANG_WARN_OBJC_IMPLICIT_RETAIN_SELF = YES;
				CLANG_WARN_OBJC_LITERAL_CONVERSION = YES;
				CLANG_WARN_OBJC_ROOT_CLASS = YES_ERROR;
				CLANG_WARN_QUOTED_INCLUDE_IN_FRAMEWORK_HEADER = YES;
				CLANG_WARN_RANGE_LOOP_ANALYSIS = YES;
				CLANG_WARN_STRICT_PROTOTYPES = YES;
				CLANG_WARN_SUSPICIOUS_MOVE = YES;
				CLANG_WARN_UNGUARDED_AVAILABILITY = YES_AGGRESSIVE;
				CLANG_WARN_UNREACHABLE_CODE = YES;
				CLANG_WARN__DUPLICATE_METHOD_MATCH = YES;
				COPY_PHASE_STRIP = NO;
				DEBUG_INFORMATION_FORMAT = dwarf;
				ENABLE_STRICT_OBJC_MSGSEND = YES;
				ENABLE_TESTABILITY = YES;
				GCC_C_LANGUAGE_STANDARD = gnu11;
				GCC_DYNAMIC_NO_PIC = NO;
				GCC_NO_COMMON_BLOCKS = YES;
				GCC_OPTIMIZATION_LEVEL = 0;
				GCC_PREPROCESSOR_DEFINITIONS = (
					"DEBUG=1",
					"$(inherited)",
				);
				GCC_WARN_64_TO_32_BIT_CONVERSION = YES;
				GCC_WARN_ABOUT_RETURN_TYPE = YES_ERROR;
				GCC_WARN_UNDECLARED_SELECTOR = YES;
				GCC_WARN_UNINITIALIZED_AUTOS = YES_AGGRESSIVE;
				GCC_WARN_UNUSED_FUNCTION = YES;
				GCC_WARN_UNUSED_VARIABLE = YES;
				IPHONEOS_DEPLOYMENT_TARGET = 14.5;
				MTL_ENABLE_DEBUG_INFO = INCLUDE_SOURCE;
				MTL_FAST_MATH = YES;
				ONLY_ACTIVE_ARCH = YES;
				SDKROOT = iphoneos;
				SWIFT_ACTIVE_COMPILATION_CONDITIONS = DEBUG;
				SWIFT_OPTIMIZATION_LEVEL = "-Onone";
			};
			name = Debug;
		};
		A6917AA226B54B1700EE7DBE /* Release */ = {
			isa = XCBuildConfiguration;
			buildSettings = {
				ALWAYS_SEARCH_USER_PATHS = NO;
				CLANG_ANALYZER_NONNULL = YES;
				CLANG_ANALYZER_NUMBER_OBJECT_CONVERSION = YES_AGGRESSIVE;
				CLANG_CXX_LANGUAGE_STANDARD = "gnu++14";
				CLANG_CXX_LIBRARY = "libc++";
				CLANG_ENABLE_MODULES = YES;
				CLANG_ENABLE_OBJC_ARC = YES;
				CLANG_ENABLE_OBJC_WEAK = YES;
				CLANG_WARN_BLOCK_CAPTURE_AUTORELEASING = YES;
				CLANG_WARN_BOOL_CONVERSION = YES;
				CLANG_WARN_COMMA = YES;
				CLANG_WARN_CONSTANT_CONVERSION = YES;
				CLANG_WARN_DEPRECATED_OBJC_IMPLEMENTATIONS = YES;
				CLANG_WARN_DIRECT_OBJC_ISA_USAGE = YES_ERROR;
				CLANG_WARN_DOCUMENTATION_COMMENTS = YES;
				CLANG_WARN_EMPTY_BODY = YES;
				CLANG_WARN_ENUM_CONVERSION = YES;
				CLANG_WARN_INFINITE_RECURSION = YES;
				CLANG_WARN_INT_CONVERSION = YES;
				CLANG_WARN_NON_LITERAL_NULL_CONVERSION = YES;
				CLANG_WARN_OBJC_IMPLICIT_RETAIN_SELF = YES;
				CLANG_WARN_OBJC_LITERAL_CONVERSION = YES;
				CLANG_WARN_OBJC_ROOT_CLASS = YES_ERROR;
				CLANG_WARN_QUOTED_INCLUDE_IN_FRAMEWORK_HEADER = YES;
				CLANG_WARN_RANGE_LOOP_ANALYSIS = YES;
				CLANG_WARN_STRICT_PROTOTYPES = YES;
				CLANG_WARN_SUSPICIOUS_MOVE = YES;
				CLANG_WARN_UNGUARDED_AVAILABILITY = YES_AGGRESSIVE;
				CLANG_WARN_UNREACHABLE_CODE = YES;
				CLANG_WARN__DUPLICATE_METHOD_MATCH = YES;
				COPY_PHASE_STRIP = NO;
				DEBUG_INFORMATION_FORMAT = "dwarf-with-dsym";
				ENABLE_NS_ASSERTIONS = NO;
				ENABLE_STRICT_OBJC_MSGSEND = YES;
				GCC_C_LANGUAGE_STANDARD = gnu11;
				GCC_NO_COMMON_BLOCKS = YES;
				GCC_WARN_64_TO_32_BIT_CONVERSION = YES;
				GCC_WARN_ABOUT_RETURN_TYPE = YES_ERROR;
				GCC_WARN_UNDECLARED_SELECTOR = YES;
				GCC_WARN_UNINITIALIZED_AUTOS = YES_AGGRESSIVE;
				GCC_WARN_UNUSED_FUNCTION = YES;
				GCC_WARN_UNUSED_VARIABLE = YES;
				IPHONEOS_DEPLOYMENT_TARGET = 14.5;
				MTL_ENABLE_DEBUG_INFO = NO;
				MTL_FAST_MATH = YES;
				SDKROOT = iphoneos;
				SWIFT_COMPILATION_MODE = wholemodule;
				SWIFT_OPTIMIZATION_LEVEL = "-O";
				VALIDATE_PRODUCT = YES;
			};
			name = Release;
		};
		A6917AA426B54B1700EE7DBE /* Debug */ = {
			isa = XCBuildConfiguration;
			buildSettings = {
				ASSETCATALOG_COMPILER_APPICON_NAME = AppIcon;
				ASSETCATALOG_COMPILER_GLOBAL_ACCENT_COLOR_NAME = AccentColor;
				CODE_SIGN_STYLE = Automatic;
				DEVELOPMENT_ASSET_PATHS = "\"HexaControl/Preview Content\"";
				DEVELOPMENT_TEAM = 777HSYC52E;
				ENABLE_PREVIEWS = YES;
				INFOPLIST_FILE = HexaControl/Info.plist;
				IPHONEOS_DEPLOYMENT_TARGET = 14.5;
				LD_RUNPATH_SEARCH_PATHS = (
					"$(inherited)",
					"@executable_path/Frameworks",
				);
				PRODUCT_BUNDLE_IDENTIFIER = com.yongtheskill.HexaRemote;
				PRODUCT_NAME = "$(TARGET_NAME)";
				SWIFT_VERSION = 5.0;
				TARGETED_DEVICE_FAMILY = "1,2";
			};
			name = Debug;
		};
		A6917AA526B54B1700EE7DBE /* Release */ = {
			isa = XCBuildConfiguration;
			buildSettings = {
				ASSETCATALOG_COMPILER_APPICON_NAME = AppIcon;
				ASSETCATALOG_COMPILER_GLOBAL_ACCENT_COLOR_NAME = AccentColor;
				CODE_SIGN_STYLE = Automatic;
				DEVELOPMENT_ASSET_PATHS = "\"HexaControl/Preview Content\"";
				DEVELOPMENT_TEAM = 777HSYC52E;
				ENABLE_PREVIEWS = YES;
				INFOPLIST_FILE = HexaControl/Info.plist;
				IPHONEOS_DEPLOYMENT_TARGET = 14.5;
				LD_RUNPATH_SEARCH_PATHS = (
					"$(inherited)",
					"@executable_path/Frameworks",
				);
				PRODUCT_BUNDLE_IDENTIFIER = com.yongtheskill.HexaRemote;
				PRODUCT_NAME = "$(TARGET_NAME)";
				SWIFT_VERSION = 5.0;
				TARGETED_DEVICE_FAMILY = "1,2";
			};
			name = Release;
		};
/* End XCBuildConfiguration section */

/* Begin XCConfigurationList section */
		A6917A8F26B54B1700EE7DBE /* Build configuration list for PBXProject "HexaControl" */ = {
			isa = XCConfigurationList;
			buildConfigurations = (
				A6917AA126B54B1700EE7DBE /* Debug */,
				A6917AA226B54B1700EE7DBE /* Release */,
			);
			defaultConfigurationIsVisible = 0;
			defaultConfigurationName = Release;
		};
		A6917AA326B54B1700EE7DBE /* Build configuration list for PBXNativeTarget "HexaControl" */ = {
			isa = XCConfigurationList;
			buildConfigurations = (
				A6917AA426B54B1700EE7DBE /* Debug */,
				A6917AA526B54B1700EE7DBE /* Release */,
			);
			defaultConfigurationIsVisible = 0;
			defaultConfigurationName = Release;
		};
/* End XCConfigurationList section */
	};
	rootObject = A6917A8C26B54B1700EE7DBE /* Project object */;
}
